// !$*UTF8*$!
{
	archiveVersion = 1;
	classes = {
	};
	objectVersion = 46;
	objects = {

/* Begin PBXBuildFile section */
		19D53A496CFADDE3B9A5F724 /* Pods_Time_Scheduling_App.framework in Frameworks */ = {isa = PBXBuildFile; fileRef = 4D8A20C59D56D69287C0AE01 /* Pods_Time_Scheduling_App.framework */; };
		9E1A599D1F0E006100792D24 /* AppDelegate.swift in Sources */ = {isa = PBXBuildFile; fileRef = 9E1A599C1F0E006100792D24 /* AppDelegate.swift */; };
		9E1A599F1F0E006900792D24 /* Assets.xcassets in Resources */ = {isa = PBXBuildFile; fileRef = 9E1A599E1F0E006900792D24 /* Assets.xcassets */; };
		9E1A59A11F0E007100792D24 /* Fonts in Resources */ = {isa = PBXBuildFile; fileRef = 9E1A59A01F0E007100792D24 /* Fonts */; };
		9E1A59A81F0E00A500792D24 /* LaunchScreen.storyboard in Resources */ = {isa = PBXBuildFile; fileRef = 9E1A59A61F0E00A500792D24 /* LaunchScreen.storyboard */; };
		9E1A59A91F0E00A500792D24 /* Main.storyboard in Resources */ = {isa = PBXBuildFile; fileRef = 9E1A59A71F0E00A500792D24 /* Main.storyboard */; };
		9E1A59B31F0E00DF00792D24 /* ViewController.swift in Sources */ = {isa = PBXBuildFile; fileRef = 9E1A59B21F0E00DF00792D24 /* ViewController.swift */; };
		9E1A59B61F0E010400792D24 /* Login.storyboard in Resources */ = {isa = PBXBuildFile; fileRef = 9E1A59B51F0E010400792D24 /* Login.storyboard */; };
		9E1A59B81F0E014500792D24 /* Default-568h@2x.png in Resources */ = {isa = PBXBuildFile; fileRef = 9E1A59B71F0E014500792D24 /* Default-568h@2x.png */; };
		9E1A59C11F0E020E00792D24 /* GoogleService-Info.plist in Resources */ = {isa = PBXBuildFile; fileRef = 9E1A59BF1F0E020E00792D24 /* GoogleService-Info.plist */; };
		9E1A59C21F0E020E00792D24 /* Info.plist in Resources */ = {isa = PBXBuildFile; fileRef = 9E1A59C01F0E020E00792D24 /* Info.plist */; };
		9E1A59C41F0E028C00792D24 /* LoginViewController.swift in Sources */ = {isa = PBXBuildFile; fileRef = 9E1A59C31F0E028C00792D24 /* LoginViewController.swift */; };
/* End PBXBuildFile section */

/* Begin PBXFileReference section */
		4D8A20C59D56D69287C0AE01 /* Pods_Time_Scheduling_App.framework */ = {isa = PBXFileReference; explicitFileType = wrapper.framework; includeInIndex = 0; path = Pods_Time_Scheduling_App.framework; sourceTree = BUILT_PRODUCTS_DIR; };
		6DE9ABF71C259D8E2080AB87 /* Pods-Time-Scheduling-App.release.xcconfig */ = {isa = PBXFileReference; includeInIndex = 1; lastKnownFileType = text.xcconfig; name = "Pods-Time-Scheduling-App.release.xcconfig"; path = "Pods/Target Support Files/Pods-Time-Scheduling-App/Pods-Time-Scheduling-App.release.xcconfig"; sourceTree = "<group>"; };
		8550BE00F5A683265232E74B /* Pods-Time-Scheduling-App.debug.xcconfig */ = {isa = PBXFileReference; includeInIndex = 1; lastKnownFileType = text.xcconfig; name = "Pods-Time-Scheduling-App.debug.xcconfig"; path = "Pods/Target Support Files/Pods-Time-Scheduling-App/Pods-Time-Scheduling-App.debug.xcconfig"; sourceTree = "<group>"; };
		9E1A599C1F0E006100792D24 /* AppDelegate.swift */ = {isa = PBXFileReference; fileEncoding = 4; lastKnownFileType = sourcecode.swift; path = AppDelegate.swift; sourceTree = "<group>"; };
		9E1A599E1F0E006900792D24 /* Assets.xcassets */ = {isa = PBXFileReference; lastKnownFileType = folder.assetcatalog; path = Assets.xcassets; sourceTree = "<group>"; };
		9E1A59A01F0E007100792D24 /* Fonts */ = {isa = PBXFileReference; lastKnownFileType = folder; path = Fonts; sourceTree = "<group>"; };
		9E1A59A61F0E00A500792D24 /* LaunchScreen.storyboard */ = {isa = PBXFileReference; fileEncoding = 4; lastKnownFileType = file.storyboard; name = LaunchScreen.storyboard; path = Storyboards/LaunchScreen.storyboard; sourceTree = "<group>"; };
		9E1A59A71F0E00A500792D24 /* Main.storyboard */ = {isa = PBXFileReference; fileEncoding = 4; lastKnownFileType = file.storyboard; name = Main.storyboard; path = Storyboards/Main.storyboard; sourceTree = "<group>"; };
		9E1A59B21F0E00DF00792D24 /* ViewController.swift */ = {isa = PBXFileReference; fileEncoding = 4; lastKnownFileType = sourcecode.swift; path = ViewController.swift; sourceTree = "<group>"; };
		9E1A59B51F0E010400792D24 /* Login.storyboard */ = {isa = PBXFileReference; fileEncoding = 4; lastKnownFileType = file.storyboard; path = Login.storyboard; sourceTree = "<group>"; };
		9E1A59B71F0E014500792D24 /* Default-568h@2x.png */ = {isa = PBXFileReference; lastKnownFileType = image.png; path = "Default-568h@2x.png"; sourceTree = "<group>"; };
		9E1A59BF1F0E020E00792D24 /* GoogleService-Info.plist */ = {isa = PBXFileReference; fileEncoding = 4; lastKnownFileType = text.plist.xml; path = "GoogleService-Info.plist"; sourceTree = "<group>"; };
		9E1A59C01F0E020E00792D24 /* Info.plist */ = {isa = PBXFileReference; fileEncoding = 4; lastKnownFileType = text.plist.xml; path = Info.plist; sourceTree = "<group>"; };
		9E1A59C31F0E028C00792D24 /* LoginViewController.swift */ = {isa = PBXFileReference; fileEncoding = 4; lastKnownFileType = sourcecode.swift; path = LoginViewController.swift; sourceTree = "<group>"; };
		9EF449861F09A8C8002EA988 /* Time-Scheduling-App.app */ = {isa = PBXFileReference; explicitFileType = wrapper.application; includeInIndex = 0; path = "Time-Scheduling-App.app"; sourceTree = BUILT_PRODUCTS_DIR; };
/* End PBXFileReference section */

/* Begin PBXFrameworksBuildPhase section */
		9EF449831F09A8C8002EA988 /* Frameworks */ = {
			isa = PBXFrameworksBuildPhase;
			buildActionMask = 2147483647;
			files = (
				19D53A496CFADDE3B9A5F724 /* Pods_Time_Scheduling_App.framework in Frameworks */,
			);
			runOnlyForDeploymentPostprocessing = 0;
		};
/* End PBXFrameworksBuildPhase section */

/* Begin PBXGroup section */
		80529B8EA982CFCD6260AED1 /* Pods */ = {
			isa = PBXGroup;
			children = (
				8550BE00F5A683265232E74B /* Pods-Time-Scheduling-App.debug.xcconfig */,
				6DE9ABF71C259D8E2080AB87 /* Pods-Time-Scheduling-App.release.xcconfig */,
			);
			name = Pods;
			sourceTree = "<group>";
		};
		9E1A59AA1F0E00AB00792D24 /* Storyboards */ = {
			isa = PBXGroup;
			children = (
				9E1A59A61F0E00A500792D24 /* LaunchScreen.storyboard */,
				9E1A59A71F0E00A500792D24 /* Main.storyboard */,
				9E1A59B51F0E010400792D24 /* Login.storyboard */,
			);
			name = Storyboards;
			sourceTree = "<group>";
		};
		9E1A59AF1F0E00C800792D24 /* Supporting */ = {
			isa = PBXGroup;
			children = (
				9E1A59BF1F0E020E00792D24 /* GoogleService-Info.plist */,
				9E1A59C01F0E020E00792D24 /* Info.plist */,
			);
			name = Supporting;
			sourceTree = "<group>";
		};
		9E1A59B41F0E00E300792D24 /* View Controllers */ = {
			isa = PBXGroup;
			children = (
				9E1A59C31F0E028C00792D24 /* LoginViewController.swift */,
				9E1A59B21F0E00DF00792D24 /* ViewController.swift */,
			);
			name = "View Controllers";
			sourceTree = "<group>";
		};
		9EF4497D1F09A8C8002EA988 = {
			isa = PBXGroup;
			children = (
				9E1A59B71F0E014500792D24 /* Default-568h@2x.png */,
				9EF449881F09A8C8002EA988 /* Time-Scheduling-App */,
				9EF449871F09A8C8002EA988 /* Products */,
				80529B8EA982CFCD6260AED1 /* Pods */,
				CD3991EF9EB3471571AECFD0 /* Frameworks */,
			);
			sourceTree = "<group>";
		};
		9EF449871F09A8C8002EA988 /* Products */ = {
			isa = PBXGroup;
			children = (
				9EF449861F09A8C8002EA988 /* Time-Scheduling-App.app */,
			);
			name = Products;
			sourceTree = "<group>";
		};
		9EF449881F09A8C8002EA988 /* Time-Scheduling-App */ = {
			isa = PBXGroup;
			children = (
				9E1A599C1F0E006100792D24 /* AppDelegate.swift */,
				9E1A599E1F0E006900792D24 /* Assets.xcassets */,
				9E1A59A01F0E007100792D24 /* Fonts */,
				9E1A59AA1F0E00AB00792D24 /* Storyboards */,
				9E1A59B41F0E00E300792D24 /* View Controllers */,
				9E1A59AF1F0E00C800792D24 /* Supporting */,
			);
			path = "Time-Scheduling-App";
			sourceTree = "<group>";
		};
		CD3991EF9EB3471571AECFD0 /* Frameworks */ = {
			isa = PBXGroup;
			children = (
				4D8A20C59D56D69287C0AE01 /* Pods_Time_Scheduling_App.framework */,
			);
			name = Frameworks;
			sourceTree = "<group>";
		};
/* End PBXGroup section */

/* Begin PBXNativeTarget section */
		9EF449851F09A8C8002EA988 /* Time-Scheduling-App */ = {
			isa = PBXNativeTarget;
			buildConfigurationList = 9EF449981F09A8C8002EA988 /* Build configuration list for PBXNativeTarget "Time-Scheduling-App" */;
			buildPhases = (
				DA39257E73EEB9F384385702 /* [CP] Check Pods Manifest.lock */,
				9EF449821F09A8C8002EA988 /* Sources */,
				9EF449831F09A8C8002EA988 /* Frameworks */,
				9EF449841F09A8C8002EA988 /* Resources */,
				93847A772C5649CF9F532998 /* [CP] Embed Pods Frameworks */,
				2B4195E4FE6B6A8F12DEE27D /* [CP] Copy Pods Resources */,
			);
			buildRules = (
			);
			dependencies = (
			);
			name = "Time-Scheduling-App";
			productName = "Time-Scheduling-App";
			productReference = 9EF449861F09A8C8002EA988 /* Time-Scheduling-App.app */;
			productType = "com.apple.product-type.application";
		};
/* End PBXNativeTarget section */

/* Begin PBXProject section */
		9EF4497E1F09A8C8002EA988 /* Project object */ = {
			isa = PBXProject;
			attributes = {
				LastSwiftUpdateCheck = 0830;
				LastUpgradeCheck = 0830;
				ORGANIZATIONNAME = "Kristie Huang";
				TargetAttributes = {
					9EF449851F09A8C8002EA988 = {
						CreatedOnToolsVersion = 8.3.3;
						DevelopmentTeam = 45VCQ885ZT;
						LastSwiftMigration = 0830;
						ProvisioningStyle = Automatic;
					};
				};
			};
			buildConfigurationList = 9EF449811F09A8C8002EA988 /* Build configuration list for PBXProject "Time-Scheduling-App" */;
			compatibilityVersion = "Xcode 3.2";
			developmentRegion = English;
			hasScannedForEncodings = 0;
			knownRegions = (
				en,
				Base,
			);
			mainGroup = 9EF4497D1F09A8C8002EA988;
			productRefGroup = 9EF449871F09A8C8002EA988 /* Products */;
			projectDirPath = "";
			projectRoot = "";
			targets = (
				9EF449851F09A8C8002EA988 /* Time-Scheduling-App */,
			);
		};
/* End PBXProject section */

/* Begin PBXResourcesBuildPhase section */
		9EF449841F09A8C8002EA988 /* Resources */ = {
			isa = PBXResourcesBuildPhase;
			buildActionMask = 2147483647;
			files = (
				9E1A59C21F0E020E00792D24 /* Info.plist in Resources */,
				9E1A59A81F0E00A500792D24 /* LaunchScreen.storyboard in Resources */,
				9E1A599F1F0E006900792D24 /* Assets.xcassets in Resources */,
				9E1A59B61F0E010400792D24 /* Login.storyboard in Resources */,
				9E1A59B81F0E014500792D24 /* Default-568h@2x.png in Resources */,
				9E1A59A11F0E007100792D24 /* Fonts in Resources */,
				9E1A59A91F0E00A500792D24 /* Main.storyboard in Resources */,
				9E1A59C11F0E020E00792D24 /* GoogleService-Info.plist in Resources */,
			);
			runOnlyForDeploymentPostprocessing = 0;
		};
/* End PBXResourcesBuildPhase section */

/* Begin PBXShellScriptBuildPhase section */
		2B4195E4FE6B6A8F12DEE27D /* [CP] Copy Pods Resources */ = {
			isa = PBXShellScriptBuildPhase;
			buildActionMask = 2147483647;
			files = (
			);
			inputPaths = (
			);
			name = "[CP] Copy Pods Resources";
			outputPaths = (
			);
			runOnlyForDeploymentPostprocessing = 0;
			shellPath = /bin/sh;
			shellScript = "\"${SRCROOT}/Pods/Target Support Files/Pods-Time-Scheduling-App/Pods-Time-Scheduling-App-resources.sh\"\n";
			showEnvVarsInLog = 0;
		};
		93847A772C5649CF9F532998 /* [CP] Embed Pods Frameworks */ = {
			isa = PBXShellScriptBuildPhase;
			buildActionMask = 2147483647;
			files = (
			);
			inputPaths = (
			);
			name = "[CP] Embed Pods Frameworks";
			outputPaths = (
			);
			runOnlyForDeploymentPostprocessing = 0;
			shellPath = /bin/sh;
			shellScript = "\"${SRCROOT}/Pods/Target Support Files/Pods-Time-Scheduling-App/Pods-Time-Scheduling-App-frameworks.sh\"\n";
			showEnvVarsInLog = 0;
		};
		DA39257E73EEB9F384385702 /* [CP] Check Pods Manifest.lock */ = {
			isa = PBXShellScriptBuildPhase;
			buildActionMask = 2147483647;
			files = (
			);
			inputPaths = (
			);
			name = "[CP] Check Pods Manifest.lock";
			outputPaths = (
			);
			runOnlyForDeploymentPostprocessing = 0;
			shellPath = /bin/sh;
			shellScript = "diff \"${PODS_PODFILE_DIR_PATH}/Podfile.lock\" \"${PODS_ROOT}/Manifest.lock\" > /dev/null\nif [ $? != 0 ] ; then\n    # print error to STDERR\n    echo \"error: The sandbox is not in sync with the Podfile.lock. Run 'pod install' or update your CocoaPods installation.\" >&2\n    exit 1\nfi\n";
			showEnvVarsInLog = 0;
		};
/* End PBXShellScriptBuildPhase section */

/* Begin PBXSourcesBuildPhase section */
		9EF449821F09A8C8002EA988 /* Sources */ = {
			isa = PBXSourcesBuildPhase;
			buildActionMask = 2147483647;
			files = (
				9E1A59C41F0E028C00792D24 /* LoginViewController.swift in Sources */,
				9E1A59B31F0E00DF00792D24 /* ViewController.swift in Sources */,
				9E1A599D1F0E006100792D24 /* AppDelegate.swift in Sources */,
			);
			runOnlyForDeploymentPostprocessing = 0;
		};
/* End PBXSourcesBuildPhase section */

/* Begin XCBuildConfiguration section */
		9EF449961F09A8C8002EA988 /* Debug */ = {
			isa = XCBuildConfiguration;
			buildSettings = {
				ALWAYS_SEARCH_USER_PATHS = NO;
				CLANG_ANALYZER_NONNULL = YES;
				CLANG_ANALYZER_NUMBER_OBJECT_CONVERSION = YES_AGGRESSIVE;
				CLANG_CXX_LANGUAGE_STANDARD = "gnu++0x";
				CLANG_CXX_LIBRARY = "libc++";
				CLANG_ENABLE_MODULES = YES;
				CLANG_ENABLE_OBJC_ARC = YES;
				CLANG_WARN_BOOL_CONVERSION = YES;
				CLANG_WARN_CONSTANT_CONVERSION = YES;
				CLANG_WARN_DIRECT_OBJC_ISA_USAGE = YES_ERROR;
				CLANG_WARN_DOCUMENTATION_COMMENTS = YES;
				CLANG_WARN_EMPTY_BODY = YES;
				CLANG_WARN_ENUM_CONVERSION = YES;
				CLANG_WARN_INFINITE_RECURSION = YES;
				CLANG_WARN_INT_CONVERSION = YES;
				CLANG_WARN_OBJC_ROOT_CLASS = YES_ERROR;
				CLANG_WARN_SUSPICIOUS_MOVE = YES;
				CLANG_WARN_UNREACHABLE_CODE = YES;
				CLANG_WARN__DUPLICATE_METHOD_MATCH = YES;
				"CODE_SIGN_IDENTITY[sdk=iphoneos*]" = "iPhone Developer";
				COPY_PHASE_STRIP = NO;
				DEBUG_INFORMATION_FORMAT = dwarf;
				ENABLE_STRICT_OBJC_MSGSEND = YES;
				ENABLE_TESTABILITY = YES;
				GCC_C_LANGUAGE_STANDARD = gnu99;
				GCC_DYNAMIC_NO_PIC = NO;
				GCC_NO_COMMON_BLOCKS = YES;
				GCC_OPTIMIZATION_LEVEL = 0;
				GCC_PREPROCESSOR_DEFINITIONS = (
					"DEBUG=1",
					"$(inherited)",
				);
				GCC_WARN_64_TO_32_BIT_CONVERSION = YES;
				GCC_WARN_ABOUT_RETURN_TYPE = YES_ERROR;
				GCC_WARN_UNDECLARED_SELECTOR = YES;
				GCC_WARN_UNINITIALIZED_AUTOS = YES_AGGRESSIVE;
				GCC_WARN_UNUSED_FUNCTION = YES;
				GCC_WARN_UNUSED_VARIABLE = YES;
				IPHONEOS_DEPLOYMENT_TARGET = 10.3;
				MTL_ENABLE_DEBUG_INFO = YES;
				ONLY_ACTIVE_ARCH = YES;
				SDKROOT = iphoneos;
				SWIFT_ACTIVE_COMPILATION_CONDITIONS = DEBUG;
				SWIFT_OPTIMIZATION_LEVEL = "-Onone";
			};
			name = Debug;
		};
		9EF449971F09A8C8002EA988 /* Release */ = {
			isa = XCBuildConfiguration;
			buildSettings = {
				ALWAYS_SEARCH_USER_PATHS = NO;
				CLANG_ANALYZER_NONNULL = YES;
				CLANG_ANALYZER_NUMBER_OBJECT_CONVERSION = YES_AGGRESSIVE;
				CLANG_CXX_LANGUAGE_STANDARD = "gnu++0x";
				CLANG_CXX_LIBRARY = "libc++";
				CLANG_ENABLE_MODULES = YES;
				CLANG_ENABLE_OBJC_ARC = YES;
				CLANG_WARN_BOOL_CONVERSION = YES;
				CLANG_WARN_CONSTANT_CONVERSION = YES;
				CLANG_WARN_DIRECT_OBJC_ISA_USAGE = YES_ERROR;
				CLANG_WARN_DOCUMENTATION_COMMENTS = YES;
				CLANG_WARN_EMPTY_BODY = YES;
				CLANG_WARN_ENUM_CONVERSION = YES;
				CLANG_WARN_INFINITE_RECURSION = YES;
				CLANG_WARN_INT_CONVERSION = YES;
				CLANG_WARN_OBJC_ROOT_CLASS = YES_ERROR;
				CLANG_WARN_SUSPICIOUS_MOVE = YES;
				CLANG_WARN_UNREACHABLE_CODE = YES;
				CLANG_WARN__DUPLICATE_METHOD_MATCH = YES;
				"CODE_SIGN_IDENTITY[sdk=iphoneos*]" = "iPhone Developer";
				COPY_PHASE_STRIP = NO;
				DEBUG_INFORMATION_FORMAT = "dwarf-with-dsym";
				ENABLE_NS_ASSERTIONS = NO;
				ENABLE_STRICT_OBJC_MSGSEND = YES;
				GCC_C_LANGUAGE_STANDARD = gnu99;
				GCC_NO_COMMON_BLOCKS = YES;
				GCC_WARN_64_TO_32_BIT_CONVERSION = YES;
				GCC_WARN_ABOUT_RETURN_TYPE = YES_ERROR;
				GCC_WARN_UNDECLARED_SELECTOR = YES;
				GCC_WARN_UNINITIALIZED_AUTOS = YES_AGGRESSIVE;
				GCC_WARN_UNUSED_FUNCTION = YES;
				GCC_WARN_UNUSED_VARIABLE = YES;
				IPHONEOS_DEPLOYMENT_TARGET = 10.3;
				MTL_ENABLE_DEBUG_INFO = NO;
				SDKROOT = iphoneos;
				SWIFT_OPTIMIZATION_LEVEL = "-Owholemodule";
				VALIDATE_PRODUCT = YES;
			};
			name = Release;
		};
		9EF449991F09A8C8002EA988 /* Debug */ = {
			isa = XCBuildConfiguration;
			baseConfigurationReference = 8550BE00F5A683265232E74B /* Pods-Time-Scheduling-App.debug.xcconfig */;
			buildSettings = {
				ASSETCATALOG_COMPILER_APPICON_NAME = AppIcon;
				CLANG_ENABLE_MODULES = YES;
				DEVELOPMENT_TEAM = 45VCQ885ZT;
				INFOPLIST_FILE = "Time-Scheduling-App/Info.plist";
				IPHONEOS_DEPLOYMENT_TARGET = 8.3;
				LD_RUNPATH_SEARCH_PATHS = "$(inherited) @executable_path/Frameworks";
				PRODUCT_BUNDLE_IDENTIFIER = "com.makeschool.Time-Scheduling-App";
				PRODUCT_NAME = "$(TARGET_NAME)";
				SWIFT_OPTIMIZATION_LEVEL = "-Onone";
				SWIFT_VERSION = 3.0;
			};
			name = Debug;
		};
		9EF4499A1F09A8C8002EA988 /* Release */ = {
			isa = XCBuildConfiguration;
			baseConfigurationReference = 6DE9ABF71C259D8E2080AB87 /* Pods-Time-Scheduling-App.release.xcconfig */;
			buildSettings = {
				ASSETCATALOG_COMPILER_APPICON_NAME = AppIcon;
				CLANG_ENABLE_MODULES = YES;
				DEVELOPMENT_TEAM = 45VCQ885ZT;
				INFOPLIST_FILE = "Time-Scheduling-App/Info.plist";
				IPHONEOS_DEPLOYMENT_TARGET = 8.3;
				LD_RUNPATH_SEARCH_PATHS = "$(inherited) @executable_path/Frameworks";
				PRODUCT_BUNDLE_IDENTIFIER = "com.makeschool.Time-Scheduling-App";
				PRODUCT_NAME = "$(TARGET_NAME)";
				SWIFT_VERSION = 3.0;
			};
			name = Release;
		};
/* End XCBuildConfiguration section */

/* Begin XCConfigurationList section */
		9EF449811F09A8C8002EA988 /* Build configuration list for PBXProject "Time-Scheduling-App" */ = {
			isa = XCConfigurationList;
			buildConfigurations = (
				9EF449961F09A8C8002EA988 /* Debug */,
				9EF449971F09A8C8002EA988 /* Release */,
			);
			defaultConfigurationIsVisible = 0;
			defaultConfigurationName = Release;
		};
		9EF449981F09A8C8002EA988 /* Build configuration list for PBXNativeTarget "Time-Scheduling-App" */ = {
			isa = XCConfigurationList;
			buildConfigurations = (
				9EF449991F09A8C8002EA988 /* Debug */,
				9EF4499A1F09A8C8002EA988 /* Release */,
			);
			defaultConfigurationIsVisible = 0;
			defaultConfigurationName = Release;
		};
/* End XCConfigurationList section */
	};
	rootObject = 9EF4497E1F09A8C8002EA988 /* Project object */;
}
